
Microsoft Visual Studio Solution File, Format Version 12.00
# Visual Studio Version 17
VisualStudioVersion = 17.5.002.0
MinimumVisualStudioVersion = 10.0.40219.1
Project("{9A19103F-16F7-4668-BE54-9A1E7A4F7556}") = "cs2rtv", "cs2rtv\cs2rtv.csproj", "{3CB3A30E-6339-46B6-9ECD-AB3A8EAFCE3C}"
EndProject
Global
	GlobalSection(SolutionConfigurationPlatforms) = preSolution
		Debug|Any CPU = Debug|Any CPU
		Release|Any CPU = Release|Any CPU
	EndGlobalSection
	GlobalSection(ProjectConfigurationPlatforms) = postSolution
		{3CB3A30E-6339-46B6-9ECD-AB3A8EAFCE3C}.Debug|Any CPU.ActiveCfg = Debug|Any CPU
		{3CB3A30E-6339-46B6-9ECD-AB3A8EAFCE3C}.Debug|Any CPU.Build.0 = Debug|Any CPU
		{3CB3A30E-6339-46B6-9ECD-AB3A8EAFCE3C}.Release|Any CPU.ActiveCfg = Release|Any CPU
		{3CB3A30E-6339-46B6-9ECD-AB3A8EAFCE3C}.Release|Any CPU.Build.0 = Release|Any CPU
	EndGlobalSection
	GlobalSection(SolutionProperties) = preSolution
		HideSolutionNode = FALSE
	EndGlobalSection
	GlobalSection(ExtensibilityGlobals) = postSolution
		SolutionGuid = {42016E46-6CE9-4167-96F1-A50A7F2A5295}
	EndGlobalSection
EndGlobal
